
Microsoft Visual Studio Solution File, Format Version 12.00
#
Project("{FAE04EC0-301F-11D3-BF4B-00C04F79EFBC}") = "CGLibrary", "CGLibrary\CGLibrary.csproj", "{48C800CB-56B5-4206-89AD-9231E1A5DF23}"
EndProject
Project("{FAE04EC0-301F-11D3-BF4B-00C04F79EFBC}") = "Tests", "Tests\Tests.csproj", "{1B47E72D-234B-4283-989D-BD1221FE452E}"
EndProject
Project("{FAE04EC0-301F-11D3-BF4B-00C04F79EFBC}") = "Profile", "Profile\Profile.csproj", "{E900B0FD-B94D-4E27-8790-4D38350992D7}"
EndProject
Project("{FAE04EC0-301F-11D3-BF4B-00C04F79EFBC}") = "Graphics", "Graphics\Graphics.csproj", "{06F1E8AF-9C1E-46BA-8AAC-BF86BE04E580}"
EndProject
Project("{FAE04EC0-301F-11D3-BF4B-00C04F79EFBC}") = "Bridges", "Bridges\Bridges.csproj", "{F8721569-A786-4A73-91A7-D5A379DF9ECF}"
EndProject
Project("{FAE04EC0-301F-11D3-BF4B-00C04F79EFBC}") = "Trajectories", "Trajectories\Trajectories.csproj", "{82869151-EFE8-467E-B71C-77026E394D89}"
EndProject
Global
	GlobalSection(SolutionConfigurationPlatforms) = preSolution
		Debug|Any CPU = Debug|Any CPU
		Release|Any CPU = Release|Any CPU
	EndGlobalSection
	GlobalSection(ProjectConfigurationPlatforms) = postSolution
		{48C800CB-56B5-4206-89AD-9231E1A5DF23}.Debug|Any CPU.ActiveCfg = Debug|Any CPU
		{48C800CB-56B5-4206-89AD-9231E1A5DF23}.Debug|Any CPU.Build.0 = Debug|Any CPU
		{48C800CB-56B5-4206-89AD-9231E1A5DF23}.Release|Any CPU.ActiveCfg = Release|Any CPU
		{48C800CB-56B5-4206-89AD-9231E1A5DF23}.Release|Any CPU.Build.0 = Release|Any CPU
		{1B47E72D-234B-4283-989D-BD1221FE452E}.Debug|Any CPU.ActiveCfg = Debug|Any CPU
		{1B47E72D-234B-4283-989D-BD1221FE452E}.Debug|Any CPU.Build.0 = Debug|Any CPU
		{1B47E72D-234B-4283-989D-BD1221FE452E}.Release|Any CPU.ActiveCfg = Release|Any CPU
		{1B47E72D-234B-4283-989D-BD1221FE452E}.Release|Any CPU.Build.0 = Release|Any CPU
		{E900B0FD-B94D-4E27-8790-4D38350992D7}.Debug|Any CPU.ActiveCfg = Debug|Any CPU
		{E900B0FD-B94D-4E27-8790-4D38350992D7}.Debug|Any CPU.Build.0 = Debug|Any CPU
		{E900B0FD-B94D-4E27-8790-4D38350992D7}.Release|Any CPU.ActiveCfg = Release|Any CPU
		{E900B0FD-B94D-4E27-8790-4D38350992D7}.Release|Any CPU.Build.0 = Release|Any CPU
		{06F1E8AF-9C1E-46BA-8AAC-BF86BE04E580}.Debug|Any CPU.ActiveCfg = Debug|Any CPU
		{06F1E8AF-9C1E-46BA-8AAC-BF86BE04E580}.Debug|Any CPU.Build.0 = Debug|Any CPU
		{06F1E8AF-9C1E-46BA-8AAC-BF86BE04E580}.Release|Any CPU.ActiveCfg = Release|Any CPU
		{06F1E8AF-9C1E-46BA-8AAC-BF86BE04E580}.Release|Any CPU.Build.0 = Release|Any CPU
		{F8721569-A786-4A73-91A7-D5A379DF9ECF}.Debug|Any CPU.ActiveCfg = Debug|Any CPU
		{F8721569-A786-4A73-91A7-D5A379DF9ECF}.Debug|Any CPU.Build.0 = Debug|Any CPU
		{F8721569-A786-4A73-91A7-D5A379DF9ECF}.Release|Any CPU.ActiveCfg = Release|Any CPU
		{F8721569-A786-4A73-91A7-D5A379DF9ECF}.Release|Any CPU.Build.0 = Release|Any CPU
		{82869151-EFE8-467E-B71C-77026E394D89}.Debug|Any CPU.ActiveCfg = Debug|Any CPU
		{82869151-EFE8-467E-B71C-77026E394D89}.Debug|Any CPU.Build.0 = Debug|Any CPU
		{82869151-EFE8-467E-B71C-77026E394D89}.Release|Any CPU.ActiveCfg = Release|Any CPU
		{82869151-EFE8-467E-B71C-77026E394D89}.Release|Any CPU.Build.0 = Release|Any CPU
	EndGlobalSection
EndGlobal
