
Microsoft Visual Studio Solution File, Format Version 12.00
# Visual Studio 2013
VisualStudioVersion = 12.0.30501.0
MinimumVisualStudioVersion = 10.0.40219.1
Project("{FAE04EC0-301F-11D3-BF4B-00C04F79EFBC}") = "PolygonLibrary", "PolygonLibrary\PolygonLibrary.csproj", "{C80254BB-DDD9-44EB-9E9A-C6666E14FC4E}"
EndProject
Project("{FAE04EC0-301F-11D3-BF4B-00C04F79EFBC}") = "AVLUtils", "..\AVLUtils\AVLUtils\AVLUtils.csproj", "{D82523E4-4CEF-4845-BB6C-8DD87CC02930}"
EndProject
Project("{FAE04EC0-301F-11D3-BF4B-00C04F79EFBC}") = "Tests", "Tests\Tests.csproj", "{6EA1B770-04D1-4AD2-8379-EF990C7B491D}"
EndProject
Global
	GlobalSection(SolutionConfigurationPlatforms) = preSolution
		Debug|Any CPU = Debug|Any CPU
		Release|Any CPU = Release|Any CPU
	EndGlobalSection
	GlobalSection(ProjectConfigurationPlatforms) = postSolution
		{C80254BB-DDD9-44EB-9E9A-C6666E14FC4E}.Debug|Any CPU.ActiveCfg = Debug|Any CPU
		{C80254BB-DDD9-44EB-9E9A-C6666E14FC4E}.Debug|Any CPU.Build.0 = Debug|Any CPU
		{C80254BB-DDD9-44EB-9E9A-C6666E14FC4E}.Release|Any CPU.ActiveCfg = Release|Any CPU
		{C80254BB-DDD9-44EB-9E9A-C6666E14FC4E}.Release|Any CPU.Build.0 = Release|Any CPU
		{D82523E4-4CEF-4845-BB6C-8DD87CC02930}.Debug|Any CPU.ActiveCfg = Debug|Any CPU
		{D82523E4-4CEF-4845-BB6C-8DD87CC02930}.Debug|Any CPU.Build.0 = Debug|Any CPU
		{D82523E4-4CEF-4845-BB6C-8DD87CC02930}.Release|Any CPU.ActiveCfg = Release|Any CPU
		{D82523E4-4CEF-4845-BB6C-8DD87CC02930}.Release|Any CPU.Build.0 = Release|Any CPU
		{6EA1B770-04D1-4AD2-8379-EF990C7B491D}.Debug|Any CPU.ActiveCfg = Debug|Any CPU
		{6EA1B770-04D1-4AD2-8379-EF990C7B491D}.Debug|Any CPU.Build.0 = Debug|Any CPU
		{6EA1B770-04D1-4AD2-8379-EF990C7B491D}.Release|Any CPU.ActiveCfg = Release|Any CPU
		{6EA1B770-04D1-4AD2-8379-EF990C7B491D}.Release|Any CPU.Build.0 = Release|Any CPU
	EndGlobalSection
	GlobalSection(SolutionProperties) = preSolution
		HideSolutionNode = FALSE
	EndGlobalSection
EndGlobal
