
Microsoft Visual Studio Solution File, Format Version 11.00
# Visual Studio 2010
Project("{FAE04EC0-301F-11D3-BF4B-00C04F79EFBC}") = "AVLUtils", "AVLUtils\AVLUtils.csproj", "{D82523E4-4CEF-4845-BB6C-8DD87CC02930}"
EndProject
Project("{FAE04EC0-301F-11D3-BF4B-00C04F79EFBC}") = "TreeTest", "TreeTest\TreeTest.csproj", "{EC049E25-7DC4-4016-8EAA-26E7AB4D40D2}"
EndProject
Global
	GlobalSection(SolutionConfigurationPlatforms) = preSolution
		Debug|Any CPU = Debug|Any CPU
		Debug|Mixed Platforms = Debug|Mixed Platforms
		Debug|x86 = Debug|x86
		Release|Any CPU = Release|Any CPU
		Release|Mixed Platforms = Release|Mixed Platforms
		Release|x86 = Release|x86
	EndGlobalSection
	GlobalSection(ProjectConfigurationPlatforms) = postSolution
		{D82523E4-4CEF-4845-BB6C-8DD87CC02930}.Debug|Any CPU.ActiveCfg = Debug|Any CPU
		{D82523E4-4CEF-4845-BB6C-8DD87CC02930}.Debug|Any CPU.Build.0 = Debug|Any CPU
		{D82523E4-4CEF-4845-BB6C-8DD87CC02930}.Debug|Mixed Platforms.ActiveCfg = Debug|Any CPU
		{D82523E4-4CEF-4845-BB6C-8DD87CC02930}.Debug|Mixed Platforms.Build.0 = Debug|Any CPU
		{D82523E4-4CEF-4845-BB6C-8DD87CC02930}.Debug|x86.ActiveCfg = Debug|Any CPU
		{D82523E4-4CEF-4845-BB6C-8DD87CC02930}.Release|Any CPU.ActiveCfg = Release|Any CPU
		{D82523E4-4CEF-4845-BB6C-8DD87CC02930}.Release|Any CPU.Build.0 = Release|Any CPU
		{D82523E4-4CEF-4845-BB6C-8DD87CC02930}.Release|Mixed Platforms.ActiveCfg = Release|Any CPU
		{D82523E4-4CEF-4845-BB6C-8DD87CC02930}.Release|Mixed Platforms.Build.0 = Release|Any CPU
		{D82523E4-4CEF-4845-BB6C-8DD87CC02930}.Release|x86.ActiveCfg = Release|Any CPU
		{EC049E25-7DC4-4016-8EAA-26E7AB4D40D2}.Debug|Any CPU.ActiveCfg = Debug|x86
		{EC049E25-7DC4-4016-8EAA-26E7AB4D40D2}.Debug|Mixed Platforms.ActiveCfg = Debug|x86
		{EC049E25-7DC4-4016-8EAA-26E7AB4D40D2}.Debug|Mixed Platforms.Build.0 = Debug|x86
		{EC049E25-7DC4-4016-8EAA-26E7AB4D40D2}.Debug|x86.ActiveCfg = Debug|x86
		{EC049E25-7DC4-4016-8EAA-26E7AB4D40D2}.Debug|x86.Build.0 = Debug|x86
		{EC049E25-7DC4-4016-8EAA-26E7AB4D40D2}.Release|Any CPU.ActiveCfg = Release|x86
		{EC049E25-7DC4-4016-8EAA-26E7AB4D40D2}.Release|Mixed Platforms.ActiveCfg = Release|x86
		{EC049E25-7DC4-4016-8EAA-26E7AB4D40D2}.Release|Mixed Platforms.Build.0 = Release|x86
		{EC049E25-7DC4-4016-8EAA-26E7AB4D40D2}.Release|x86.ActiveCfg = Release|x86
		{EC049E25-7DC4-4016-8EAA-26E7AB4D40D2}.Release|x86.Build.0 = Release|x86
	EndGlobalSection
	GlobalSection(MonoDevelopProperties) = preSolution
		StartupItem = TreeTest\TreeTest.csproj
		Policies = $0
		$0.TextStylePolicy = $1
		$1.FileWidth = 120
		$1.TabWidth = 2
		$1.IndentWidth = 2
		$1.inheritsSet = VisualStudio
		$1.inheritsScope = text/plain
		$1.scope = text/x-csharp
		$0.CSharpFormattingPolicy = $2
		$2.inheritsSet = Mono
		$2.inheritsScope = text/x-csharp
		$2.scope = text/x-csharp
	EndGlobalSection
	GlobalSection(SolutionProperties) = preSolution
		HideSolutionNode = FALSE
	EndGlobalSection
EndGlobal
