
Microsoft Visual Studio Solution File, Format Version 12.00
Project("{FAE04EC0-301F-11D3-BF4B-00C04F79EFBC}") = "LDG", "LDG\LDG.csproj", "{E3BB56C5-AF2F-43D0-96EF-85DD55E7CFDD}"
EndProject
Project("{FAE04EC0-301F-11D3-BF4B-00C04F79EFBC}") = "Bridges", "Apps\Bridges\Bridges.csproj", "{F8721569-A786-4A73-91A7-D5A379DF9ECF}"
EndProject
Project("{FAE04EC0-301F-11D3-BF4B-00C04F79EFBC}") = "Trajectories", "Apps\Trajectories\Trajectories.csproj", "{82869151-EFE8-467E-B71C-77026E394D89}"
EndProject
Project("{FAE04EC0-301F-11D3-BF4B-00C04F79EFBC}") = "Graphics", "Visualization\Graphics\Graphics.csproj", "{06F1E8AF-9C1E-46BA-8AAC-BF86BE04E580}"
EndProject
Project("{FAE04EC0-301F-11D3-BF4B-00C04F79EFBC}") = "Sandbox", "Manual\Sandbox\Sandbox.csproj", "{851FF53F-8BB3-40A3-8331-6E47610BF012}"
EndProject
Project("{FAE04EC0-301F-11D3-BF4B-00C04F79EFBC}") = "Profile", "Profile\Profile.csproj", "{68F8B22F-F834-49CF-B416-612F33495013}"
EndProject
Global
	GlobalSection(SolutionConfigurationPlatforms) = preSolution
		Debug|Any CPU = Debug|Any CPU
		Debug|x64 = Debug|x64
		Debug|x86 = Debug|x86
		Release|Any CPU = Release|Any CPU
		Release|x64 = Release|x64
		Release|x86 = Release|x86
	EndGlobalSection
	GlobalSection(ProjectConfigurationPlatforms) = postSolution
		{E3BB56C5-AF2F-43D0-96EF-85DD55E7CFDD}.Debug|Any CPU.ActiveCfg = Debug|Any CPU
		{E3BB56C5-AF2F-43D0-96EF-85DD55E7CFDD}.Debug|Any CPU.Build.0 = Debug|Any CPU
		{E3BB56C5-AF2F-43D0-96EF-85DD55E7CFDD}.Debug|x64.ActiveCfg = Debug|Any CPU
		{E3BB56C5-AF2F-43D0-96EF-85DD55E7CFDD}.Debug|x64.Build.0 = Debug|Any CPU
		{E3BB56C5-AF2F-43D0-96EF-85DD55E7CFDD}.Debug|x86.ActiveCfg = Debug|Any CPU
		{E3BB56C5-AF2F-43D0-96EF-85DD55E7CFDD}.Debug|x86.Build.0 = Debug|Any CPU
		{E3BB56C5-AF2F-43D0-96EF-85DD55E7CFDD}.Release|Any CPU.ActiveCfg = Release|Any CPU
		{E3BB56C5-AF2F-43D0-96EF-85DD55E7CFDD}.Release|Any CPU.Build.0 = Release|Any CPU
		{E3BB56C5-AF2F-43D0-96EF-85DD55E7CFDD}.Release|x64.ActiveCfg = Release|Any CPU
		{E3BB56C5-AF2F-43D0-96EF-85DD55E7CFDD}.Release|x64.Build.0 = Release|Any CPU
		{E3BB56C5-AF2F-43D0-96EF-85DD55E7CFDD}.Release|x86.ActiveCfg = Release|Any CPU
		{E3BB56C5-AF2F-43D0-96EF-85DD55E7CFDD}.Release|x86.Build.0 = Release|Any CPU
		{F8721569-A786-4A73-91A7-D5A379DF9ECF}.Debug|Any CPU.ActiveCfg = Debug|Any CPU
		{F8721569-A786-4A73-91A7-D5A379DF9ECF}.Debug|Any CPU.Build.0 = Debug|Any CPU
		{F8721569-A786-4A73-91A7-D5A379DF9ECF}.Debug|x64.ActiveCfg = Debug|Any CPU
		{F8721569-A786-4A73-91A7-D5A379DF9ECF}.Debug|x64.Build.0 = Debug|Any CPU
		{F8721569-A786-4A73-91A7-D5A379DF9ECF}.Debug|x86.ActiveCfg = Debug|Any CPU
		{F8721569-A786-4A73-91A7-D5A379DF9ECF}.Debug|x86.Build.0 = Debug|Any CPU
		{F8721569-A786-4A73-91A7-D5A379DF9ECF}.Release|Any CPU.ActiveCfg = Release|Any CPU
		{F8721569-A786-4A73-91A7-D5A379DF9ECF}.Release|Any CPU.Build.0 = Release|Any CPU
		{F8721569-A786-4A73-91A7-D5A379DF9ECF}.Release|x64.ActiveCfg = Release|Any CPU
		{F8721569-A786-4A73-91A7-D5A379DF9ECF}.Release|x64.Build.0 = Release|Any CPU
		{F8721569-A786-4A73-91A7-D5A379DF9ECF}.Release|x86.ActiveCfg = Release|Any CPU
		{F8721569-A786-4A73-91A7-D5A379DF9ECF}.Release|x86.Build.0 = Release|Any CPU
		{82869151-EFE8-467E-B71C-77026E394D89}.Debug|Any CPU.ActiveCfg = Debug|Any CPU
		{82869151-EFE8-467E-B71C-77026E394D89}.Debug|Any CPU.Build.0 = Debug|Any CPU
		{82869151-EFE8-467E-B71C-77026E394D89}.Debug|x64.ActiveCfg = Debug|Any CPU
		{82869151-EFE8-467E-B71C-77026E394D89}.Debug|x64.Build.0 = Debug|Any CPU
		{82869151-EFE8-467E-B71C-77026E394D89}.Debug|x86.ActiveCfg = Debug|Any CPU
		{82869151-EFE8-467E-B71C-77026E394D89}.Debug|x86.Build.0 = Debug|Any CPU
		{82869151-EFE8-467E-B71C-77026E394D89}.Release|Any CPU.ActiveCfg = Release|Any CPU
		{82869151-EFE8-467E-B71C-77026E394D89}.Release|Any CPU.Build.0 = Release|Any CPU
		{82869151-EFE8-467E-B71C-77026E394D89}.Release|x64.ActiveCfg = Release|Any CPU
		{82869151-EFE8-467E-B71C-77026E394D89}.Release|x64.Build.0 = Release|Any CPU
		{82869151-EFE8-467E-B71C-77026E394D89}.Release|x86.ActiveCfg = Release|Any CPU
		{82869151-EFE8-467E-B71C-77026E394D89}.Release|x86.Build.0 = Release|Any CPU
		{06F1E8AF-9C1E-46BA-8AAC-BF86BE04E580}.Debug|Any CPU.ActiveCfg = Debug|Any CPU
		{06F1E8AF-9C1E-46BA-8AAC-BF86BE04E580}.Debug|Any CPU.Build.0 = Debug|Any CPU
		{06F1E8AF-9C1E-46BA-8AAC-BF86BE04E580}.Debug|x64.ActiveCfg = Debug|Any CPU
		{06F1E8AF-9C1E-46BA-8AAC-BF86BE04E580}.Debug|x64.Build.0 = Debug|Any CPU
		{06F1E8AF-9C1E-46BA-8AAC-BF86BE04E580}.Debug|x86.ActiveCfg = Debug|Any CPU
		{06F1E8AF-9C1E-46BA-8AAC-BF86BE04E580}.Debug|x86.Build.0 = Debug|Any CPU
		{06F1E8AF-9C1E-46BA-8AAC-BF86BE04E580}.Release|Any CPU.ActiveCfg = Release|Any CPU
		{06F1E8AF-9C1E-46BA-8AAC-BF86BE04E580}.Release|Any CPU.Build.0 = Release|Any CPU
		{06F1E8AF-9C1E-46BA-8AAC-BF86BE04E580}.Release|x64.ActiveCfg = Release|Any CPU
		{06F1E8AF-9C1E-46BA-8AAC-BF86BE04E580}.Release|x64.Build.0 = Release|Any CPU
		{06F1E8AF-9C1E-46BA-8AAC-BF86BE04E580}.Release|x86.ActiveCfg = Release|Any CPU
		{06F1E8AF-9C1E-46BA-8AAC-BF86BE04E580}.Release|x86.Build.0 = Release|Any CPU
		{851FF53F-8BB3-40A3-8331-6E47610BF012}.Debug|Any CPU.ActiveCfg = Debug|Any CPU
		{851FF53F-8BB3-40A3-8331-6E47610BF012}.Debug|Any CPU.Build.0 = Debug|Any CPU
		{851FF53F-8BB3-40A3-8331-6E47610BF012}.Debug|x64.ActiveCfg = Debug|Any CPU
		{851FF53F-8BB3-40A3-8331-6E47610BF012}.Debug|x64.Build.0 = Debug|Any CPU
		{851FF53F-8BB3-40A3-8331-6E47610BF012}.Debug|x86.ActiveCfg = Debug|Any CPU
		{851FF53F-8BB3-40A3-8331-6E47610BF012}.Debug|x86.Build.0 = Debug|Any CPU
		{851FF53F-8BB3-40A3-8331-6E47610BF012}.Release|Any CPU.ActiveCfg = Release|Any CPU
		{851FF53F-8BB3-40A3-8331-6E47610BF012}.Release|Any CPU.Build.0 = Release|Any CPU
		{851FF53F-8BB3-40A3-8331-6E47610BF012}.Release|x64.ActiveCfg = Release|Any CPU
		{851FF53F-8BB3-40A3-8331-6E47610BF012}.Release|x64.Build.0 = Release|Any CPU
		{851FF53F-8BB3-40A3-8331-6E47610BF012}.Release|x86.ActiveCfg = Release|Any CPU
		{851FF53F-8BB3-40A3-8331-6E47610BF012}.Release|x86.Build.0 = Release|Any CPU
		{68F8B22F-F834-49CF-B416-612F33495013}.Debug|Any CPU.ActiveCfg = Debug|Any CPU
		{68F8B22F-F834-49CF-B416-612F33495013}.Debug|Any CPU.Build.0 = Debug|Any CPU
		{68F8B22F-F834-49CF-B416-612F33495013}.Debug|x64.ActiveCfg = Debug|Any CPU
		{68F8B22F-F834-49CF-B416-612F33495013}.Debug|x64.Build.0 = Debug|Any CPU
		{68F8B22F-F834-49CF-B416-612F33495013}.Debug|x86.ActiveCfg = Debug|Any CPU
		{68F8B22F-F834-49CF-B416-612F33495013}.Debug|x86.Build.0 = Debug|Any CPU
		{68F8B22F-F834-49CF-B416-612F33495013}.Release|Any CPU.ActiveCfg = Release|Any CPU
		{68F8B22F-F834-49CF-B416-612F33495013}.Release|Any CPU.Build.0 = Release|Any CPU
		{68F8B22F-F834-49CF-B416-612F33495013}.Release|x64.ActiveCfg = Release|Any CPU
		{68F8B22F-F834-49CF-B416-612F33495013}.Release|x64.Build.0 = Release|Any CPU
		{68F8B22F-F834-49CF-B416-612F33495013}.Release|x86.ActiveCfg = Release|Any CPU
		{68F8B22F-F834-49CF-B416-612F33495013}.Release|x86.Build.0 = Release|Any CPU
	EndGlobalSection
	GlobalSection(SolutionProperties) = preSolution
		HideSolutionNode = FALSE
	EndGlobalSection
EndGlobal
